{
    "_readme": [
        "This file locks the dependencies of your project to a known state",
        "Read more about it at https://getcomposer.org/doc/01-basic-usage.md#installing-dependencies",
        "This file is @generated automatically"
    ],
    "content-hash": "ad6946971d761340340a385fc278e852",
    "packages": [
        {
            "name": "cfpinto/graphql",
            "version": "v1.0.3",
            "source": {
                "type": "git",
                "url": "https://github.com/cfpinto/graphql.git",
                "reference": "ff7ce97f0074dee2fa11b4e2d13bd3b74a86b2b2"
            },
            "dist": {
                "type": "zip",
                "url": "https://api.github.com/repos/cfpinto/graphql/zipball/ff7ce97f0074dee2fa11b4e2d13bd3b74a86b2b2",
                "reference": "ff7ce97f0074dee2fa11b4e2d13bd3b74a86b2b2",
                "shasum": ""
            },
            "require": {
                "ext-json": "*",
                "php": ">=7.4"
            },
            "require-dev": {
                "phpmd/phpmd": "^2.10",
                "phpunit/phpunit": "^8",
                "squizlabs/php_codesniffer": "^3.6",
                "symfony/var-dumper": "^5.1"
            },
            "type": "library",
            "autoload": {
                "psr-4": {
                    "GraphQL\\": "src/"
                }
            },
            "notification-url": "https://packagist.org/downloads/",
            "license": [
                "MIT"
            ],
            "authors": [
                {
                    "name": "Claudio Pinto",
                    "email": "me@cfpinto.com"
                }
            ],
            "description": "A GraphQL query builder class",
            "homepage": "https://github.com/cfpinto/graphql",
            "keywords": [
                "graphql",
                "query builder"
            ],
            "support": {
                "issues": "https://github.com/cfpinto/graphql/issues",
                "source": "https://github.com/cfpinto/graphql/tree/v1.0.3"
            },
            "time": "2022-01-24T15:10:31+00:00"
        },
        {
            "name": "curl/curl",
            "version": "2.3.3",
            "source": {
                "type": "git",
                "url": "https://github.com/php-mod/curl.git",
                "reference": "ec22ad27dead47093f0944f5e651df4b12846f5a"
            },
            "dist": {
                "type": "zip",
                "url": "https://api.github.com/repos/php-mod/curl/zipball/ec22ad27dead47093f0944f5e651df4b12846f5a",
                "reference": "ec22ad27dead47093f0944f5e651df4b12846f5a",
                "shasum": ""
            },
            "require": {
                "ext-curl": "*",
                "php": "^5.6 | ^7.0 | ^8.0"
            },
            "require-dev": {
                "yoast/phpunit-polyfills": "^0.2.0"
            },
            "type": "library",
            "autoload": {
                "psr-0": {
                    "Curl": "src/"
                }
            },
            "notification-url": "https://packagist.org/downloads/",
            "license": [
                "MIT"
            ],
            "authors": [
                {
                    "name": "php-curl-class",
                    "homepage": "https://github.com/php-curl-class"
                },
                {
                    "name": "Hassan Amouhzi",
                    "email": "hassan@anezi.net",
                    "homepage": "http://hassan.amouhzi.com"
                },
                {
                    "name": "user52",
                    "homepage": "https://github.com/user52"
                }
            ],
            "description": "cURL class for PHP",
            "homepage": "https://github.com/php-mod/curl",
            "keywords": [
                "curl",
                "dot"
            ],
            "support": {
                "issues": "https://github.com/php-mod/curl/issues",
                "source": "https://github.com/php-mod/curl/tree/2.3.3"
            },
            "time": "2021-11-30T20:19:35+00:00"
        }
    ],
    "packages-dev": [],
    "aliases": [],
    "minimum-stability": "stable",
    "stability-flags": [],
    "prefer-stable": false,
    "prefer-lowest": false,
    "platform": [],
    "platform-dev": [],
    "plugin-api-version": "2.2.0"
}
